
Microsoft Visual Studio Solution File, Format Version 12.00
# Visual Studio 15
VisualStudioVersion = 15.0.27703.2042
MinimumVisualStudioVersion = 10.0.40219.1
Project("{FAE04EC0-301F-11D3-BF4B-00C04F79EFBC}") = "FinalProject", "FinalProject\FinalProject.csproj", "{09E1E18E-F337-47C6-8932-7AA6D8E58F04}"
EndProject
Project("{FAE04EC0-301F-11D3-BF4B-00C04F79EFBC}") = "Models", "Models\Models.csproj", "{45C05EE7-C337-4975-A9E9-5E1863519762}"
EndProject
Project("{FAE04EC0-301F-11D3-BF4B-00C04F79EFBC}") = "Persistence", "Persistence\Persistence.csproj", "{A1C37EC5-15EA-480B-A96E-0EAF53F2E53C}"
EndProject
Project("{FAE04EC0-301F-11D3-BF4B-00C04F79EFBC}") = "Services", "Services\Services.csproj", "{A32AA7F2-C16B-47B3-9C48-83E2EF97472C}"
EndProject
Global
	GlobalSection(SolutionConfigurationPlatforms) = preSolution
		Debug|Any CPU = Debug|Any CPU
		Release|Any CPU = Release|Any CPU
	EndGlobalSection
	GlobalSection(ProjectConfigurationPlatforms) = postSolution
		{09E1E18E-F337-47C6-8932-7AA6D8E58F04}.Debug|Any CPU.ActiveCfg = Debug|Any CPU
		{09E1E18E-F337-47C6-8932-7AA6D8E58F04}.Debug|Any CPU.Build.0 = Debug|Any CPU
		{09E1E18E-F337-47C6-8932-7AA6D8E58F04}.Release|Any CPU.ActiveCfg = Release|Any CPU
		{09E1E18E-F337-47C6-8932-7AA6D8E58F04}.Release|Any CPU.Build.0 = Release|Any CPU
		{45C05EE7-C337-4975-A9E9-5E1863519762}.Debug|Any CPU.ActiveCfg = Debug|Any CPU
		{45C05EE7-C337-4975-A9E9-5E1863519762}.Debug|Any CPU.Build.0 = Debug|Any CPU
		{45C05EE7-C337-4975-A9E9-5E1863519762}.Release|Any CPU.ActiveCfg = Release|Any CPU
		{45C05EE7-C337-4975-A9E9-5E1863519762}.Release|Any CPU.Build.0 = Release|Any CPU
		{A1C37EC5-15EA-480B-A96E-0EAF53F2E53C}.Debug|Any CPU.ActiveCfg = Debug|Any CPU
		{A1C37EC5-15EA-480B-A96E-0EAF53F2E53C}.Debug|Any CPU.Build.0 = Debug|Any CPU
		{A1C37EC5-15EA-480B-A96E-0EAF53F2E53C}.Release|Any CPU.ActiveCfg = Release|Any CPU
		{A1C37EC5-15EA-480B-A96E-0EAF53F2E53C}.Release|Any CPU.Build.0 = Release|Any CPU
		{A32AA7F2-C16B-47B3-9C48-83E2EF97472C}.Debug|Any CPU.ActiveCfg = Debug|Any CPU
		{A32AA7F2-C16B-47B3-9C48-83E2EF97472C}.Debug|Any CPU.Build.0 = Debug|Any CPU
		{A32AA7F2-C16B-47B3-9C48-83E2EF97472C}.Release|Any CPU.ActiveCfg = Release|Any CPU
		{A32AA7F2-C16B-47B3-9C48-83E2EF97472C}.Release|Any CPU.Build.0 = Release|Any CPU
	EndGlobalSection
	GlobalSection(SolutionProperties) = preSolution
		HideSolutionNode = FALSE
	EndGlobalSection
	GlobalSection(ExtensibilityGlobals) = postSolution
		SolutionGuid = {F322109A-31D2-4AE8-BD2C-D58C697B4196}
	EndGlobalSection
EndGlobal
